// !$*UTF8*$!
{
	archiveVersion = 1;
	classes = {
	};
	objectVersion = 77;
	objects = {

/* Begin PBXBuildFile section */
		581168492E3CB50A00014A02 /* LoginView.swift in Sources */ = {isa = PBXBuildFile; fileRef = 581168482E3CB50A00014A02 /* LoginView.swift */; };
		5811684B2E3CB51700014A02 /* RegisterView.swift in Sources */ = {isa = PBXBuildFile; fileRef = 5811684A2E3CB51700014A02 /* RegisterView.swift */; };
/* End PBXBuildFile section */

/* Begin PBXContainerItemProxy section */
		5811682C2E3CB4EA00014A02 /* PBXContainerItemProxy */ = {
			isa = PBXContainerItemProxy;
			containerPortal = 581168162E3CB4E800014A02 /* Project object */;
			proxyType = 1;
			remoteGlobalIDString = 5811681D2E3CB4E800014A02;
			remoteInfo = "first-colendi";
		};
		581168362E3CB4EA00014A02 /* PBXContainerItemProxy */ = {
			isa = PBXContainerItemProxy;
			containerPortal = 581168162E3CB4E800014A02 /* Project object */;
			proxyType = 1;
			remoteGlobalIDString = 5811681D2E3CB4E800014A02;
			remoteInfo = "first-colendi";
		};
/* End PBXContainerItemProxy section */

/* Begin PBXFileReference section */
		5811681E2E3CB4E800014A02 /* first-colendi.app */ = {isa = PBXFileReference; explicitFileType = wrapper.application; includeInIndex = 0; path = "first-colendi.app"; sourceTree = BUILT_PRODUCTS_DIR; };
		5811682B2E3CB4EA00014A02 /* first-colendiTests.xctest */ = {isa = PBXFileReference; explicitFileType = wrapper.cfbundle; includeInIndex = 0; path = "first-colendiTests.xctest"; sourceTree = BUILT_PRODUCTS_DIR; };
		581168352E3CB4EA00014A02 /* first-colendiUITests.xctest */ = {isa = PBXFileReference; explicitFileType = wrapper.cfbundle; includeInIndex = 0; path = "first-colendiUITests.xctest"; sourceTree = BUILT_PRODUCTS_DIR; };
		581168482E3CB50A00014A02 /* LoginView.swift */ = {isa = PBXFileReference; lastKnownFileType = sourcecode.swift; path = LoginView.swift; sourceTree = "<group>"; };
		5811684A2E3CB51700014A02 /* RegisterView.swift */ = {isa = PBXFileReference; lastKnownFileType = sourcecode.swift; path = RegisterView.swift; sourceTree = "<group>"; };
/* End PBXFileReference section */

/* Begin PBXFileSystemSynchronizedRootGroup section */
		581168202E3CB4E800014A02 /* first-colendi */ = {
			isa = PBXFileSystemSynchronizedRootGroup;
			path = "first-colendi";
			sourceTree = "<group>";
		};
		5811682E2E3CB4EA00014A02 /* first-colendiTests */ = {
			isa = PBXFileSystemSynchronizedRootGroup;
			path = "first-colendiTests";
			sourceTree = "<group>";
		};
		581168382E3CB4EA00014A02 /* first-colendiUITests */ = {
			isa = PBXFileSystemSynchronizedRootGroup;
			path = "first-colendiUITests";
			sourceTree = "<group>";
		};
/* End PBXFileSystemSynchronizedRootGroup section */

/* Begin PBXFrameworksBuildPhase section */
		5811681B2E3CB4E800014A02 /* Frameworks */ = {
			isa = PBXFrameworksBuildPhase;
			buildActionMask = 2147483647;
			files = (
			);
			runOnlyForDeploymentPostprocessing = 0;
		};
		581168282E3CB4EA00014A02 /* Frameworks */ = {
			isa = PBXFrameworksBuildPhase;
			buildActionMask = 2147483647;
			files = (
			);
			runOnlyForDeploymentPostprocessing = 0;
		};
		581168322E3CB4EA00014A02 /* Frameworks */ = {
			isa = PBXFrameworksBuildPhase;
			buildActionMask = 2147483647;
			files = (
			);
			runOnlyForDeploymentPostprocessing = 0;
		};
/* End PBXFrameworksBuildPhase section */

/* Begin PBXGroup section */
		581168152E3CB4E800014A02 = {
			isa = PBXGroup;
			children = (
				5811684A2E3CB51700014A02 /* RegisterView.swift */,
				581168482E3CB50A00014A02 /* LoginView.swift */,
				581168202E3CB4E800014A02 /* first-colendi */,
				5811682E2E3CB4EA00014A02 /* first-colendiTests */,
				581168382E3CB4EA00014A02 /* first-colendiUITests */,
				5811681F2E3CB4E800014A02 /* Products */,
			);
			sourceTree = "<group>";
		};
		5811681F2E3CB4E800014A02 /* Products */ = {
			isa = PBXGroup;
			children = (
				5811681E2E3CB4E800014A02 /* first-colendi.app */,
				5811682B2E3CB4EA00014A02 /* first-colendiTests.xctest */,
				581168352E3CB4EA00014A02 /* first-colendiUITests.xctest */,
			);
			name = Products;
			sourceTree = "<group>";
		};
/* End PBXGroup section */

/* Begin PBXNativeTarget section */
		5811681D2E3CB4E800014A02 /* first-colendi */ = {
			isa = PBXNativeTarget;
			buildConfigurationList = 5811683F2E3CB4EA00014A02 /* Build configuration list for PBXNativeTarget "first-colendi" */;
			buildPhases = (
				5811681A2E3CB4E800014A02 /* Sources */,
				5811681B2E3CB4E800014A02 /* Frameworks */,
				5811681C2E3CB4E800014A02 /* Resources */,
			);
			buildRules = (
			);
			dependencies = (
			);
			fileSystemSynchronizedGroups = (
				581168202E3CB4E800014A02 /* first-colendi */,
			);
			name = "first-colendi";
			packageProductDependencies = (
			);
			productName = "first-colendi";
			productReference = 5811681E2E3CB4E800014A02 /* first-colendi.app */;
			productType = "com.apple.product-type.application";
		};
		5811682A2E3CB4EA00014A02 /* first-colendiTests */ = {
			isa = PBXNativeTarget;
			buildConfigurationList = 581168422E3CB4EA00014A02 /* Build configuration list for PBXNativeTarget "first-colendiTests" */;
			buildPhases = (
				581168272E3CB4EA00014A02 /* Sources */,
				581168282E3CB4EA00014A02 /* Frameworks */,
				581168292E3CB4EA00014A02 /* Resources */,
			);
			buildRules = (
			);
			dependencies = (
				5811682D2E3CB4EA00014A02 /* PBXTargetDependency */,
			);
			fileSystemSynchronizedGroups = (
				5811682E2E3CB4EA00014A02 /* first-colendiTests */,
			);
			name = "first-colendiTests";
			packageProductDependencies = (
			);
			productName = "first-colendiTests";
			productReference = 5811682B2E3CB4EA00014A02 /* first-colendiTests.xctest */;
			productType = "com.apple.product-type.bundle.unit-test";
		};
		581168342E3CB4EA00014A02 /* first-colendiUITests */ = {
			isa = PBXNativeTarget;
			buildConfigurationList = 581168452E3CB4EA00014A02 /* Build configuration list for PBXNativeTarget "first-colendiUITests" */;
			buildPhases = (
				581168312E3CB4EA00014A02 /* Sources */,
				581168322E3CB4EA00014A02 /* Frameworks */,
				581168332E3CB4EA00014A02 /* Resources */,
			);
			buildRules = (
			);
			dependencies = (
				581168372E3CB4EA00014A02 /* PBXTargetDependency */,
			);
			fileSystemSynchronizedGroups = (
				581168382E3CB4EA00014A02 /* first-colendiUITests */,
			);
			name = "first-colendiUITests";
			packageProductDependencies = (
			);
			productName = "first-colendiUITests";
			productReference = 581168352E3CB4EA00014A02 /* first-colendiUITests.xctest */;
			productType = "com.apple.product-type.bundle.ui-testing";
		};
/* End PBXNativeTarget section */

/* Begin PBXProject section */
		581168162E3CB4E800014A02 /* Project object */ = {
			isa = PBXProject;
			attributes = {
				BuildIndependentTargetsInParallel = 1;
				LastSwiftUpdateCheck = 1640;
				LastUpgradeCheck = 1640;
				TargetAttributes = {
					5811681D2E3CB4E800014A02 = {
						CreatedOnToolsVersion = 16.4;
					};
					5811682A2E3CB4EA00014A02 = {
						CreatedOnToolsVersion = 16.4;
						TestTargetID = 5811681D2E3CB4E800014A02;
					};
					581168342E3CB4EA00014A02 = {
						CreatedOnToolsVersion = 16.4;
						TestTargetID = 5811681D2E3CB4E800014A02;
					};
				};
			};
			buildConfigurationList = 581168192E3CB4E800014A02 /* Build configuration list for PBXProject "first-colendi" */;
			developmentRegion = en;
			hasScannedForEncodings = 0;
			knownRegions = (
				en,
				Base,
			);
			mainGroup = 581168152E3CB4E800014A02;
			minimizedProjectReferenceProxies = 1;
			preferredProjectObjectVersion = 77;
			productRefGroup = 5811681F2E3CB4E800014A02 /* Products */;
			projectDirPath = "";
			projectRoot = "";
			targets = (
				5811681D2E3CB4E800014A02 /* first-colendi */,
				5811682A2E3CB4EA00014A02 /* first-colendiTests */,
				581168342E3CB4EA00014A02 /* first-colendiUITests */,
			);
		};
/* End PBXProject section */

/* Begin PBXResourcesBuildPhase section */
		5811681C2E3CB4E800014A02 /* Resources */ = {
			isa = PBXResourcesBuildPhase;
			buildActionMask = 2147483647;
			files = (
			);
			runOnlyForDeploymentPostprocessing = 0;
		};
		581168292E3CB4EA00014A02 /* Resources */ = {
			isa = PBXResourcesBuildPhase;
			buildActionMask = 2147483647;
			files = (
			);
			runOnlyForDeploymentPostprocessing = 0;
		};
		581168332E3CB4EA00014A02 /* Resources */ = {
			isa = PBXResourcesBuildPhase;
			buildActionMask = 2147483647;
			files = (
			);
			runOnlyForDeploymentPostprocessing = 0;
		};
/* End PBXResourcesBuildPhase section */

/* Begin PBXSourcesBuildPhase section */
		5811681A2E3CB4E800014A02 /* Sources */ = {
			isa = PBXSourcesBuildPhase;
			buildActionMask = 2147483647;
			files = (
				581168492E3CB50A00014A02 /* LoginView.swift in Sources */,
				5811684B2E3CB51700014A02 /* RegisterView.swift in Sources */,
			);
			runOnlyForDeploymentPostprocessing = 0;
		};
		581168272E3CB4EA00014A02 /* Sources */ = {
			isa = PBXSourcesBuildPhase;
			buildActionMask = 2147483647;
			files = (
			);
			runOnlyForDeploymentPostprocessing = 0;
		};
		581168312E3CB4EA00014A02 /* Sources */ = {
			isa = PBXSourcesBuildPhase;
			buildActionMask = 2147483647;
			files = (
			);
			runOnlyForDeploymentPostprocessing = 0;
		};
/* End PBXSourcesBuildPhase section */

/* Begin PBXTargetDependency section */
		5811682D2E3CB4EA00014A02 /* PBXTargetDependency */ = {
			isa = PBXTargetDependency;
			target = 5811681D2E3CB4E800014A02 /* first-colendi */;
			targetProxy = 5811682C2E3CB4EA00014A02 /* PBXContainerItemProxy */;
		};
		581168372E3CB4EA00014A02 /* PBXTargetDependency */ = {
			isa = PBXTargetDependency;
			target = 5811681D2E3CB4E800014A02 /* first-colendi */;
			targetProxy = 581168362E3CB4EA00014A02 /* PBXContainerItemProxy */;
		};
/* End PBXTargetDependency section */

/* Begin XCBuildConfiguration section */
		5811683D2E3CB4EA00014A02 /* Debug */ = {
			isa = XCBuildConfiguration;
			buildSettings = {
				ALWAYS_SEARCH_USER_PATHS = NO;
				ASSETCATALOG_COMPILER_GENERATE_SWIFT_ASSET_SYMBOL_EXTENSIONS = YES;
				CLANG_ANALYZER_NONNULL = YES;
				CLANG_ANALYZER_NUMBER_OBJECT_CONVERSION = YES_AGGRESSIVE;
				CLANG_CXX_LANGUAGE_STANDARD = "gnu++20";
				CLANG_ENABLE_MODULES = YES;
				CLANG_ENABLE_OBJC_ARC = YES;
				CLANG_ENABLE_OBJC_WEAK = YES;
				CLANG_WARN_BLOCK_CAPTURE_AUTORELEASING = YES;
				CLANG_WARN_BOOL_CONVERSION = YES;
				CLANG_WARN_COMMA = YES;
				CLANG_WARN_CONSTANT_CONVERSION = YES;
				CLANG_WARN_DEPRECATED_OBJC_IMPLEMENTATIONS = YES;
				CLANG_WARN_DIRECT_OBJC_ISA_USAGE = YES_ERROR;
				CLANG_WARN_DOCUMENTATION_COMMENTS = YES;
				CLANG_WARN_EMPTY_BODY = YES;
				CLANG_WARN_ENUM_CONVERSION = YES;
				CLANG_WARN_INFINITE_RECURSION = YES;
				CLANG_WARN_INT_CONVERSION = YES;
				CLANG_WARN_NON_LITERAL_NULL_CONVERSION = YES;
				CLANG_WARN_OBJC_IMPLICIT_RETAIN_SELF = YES;
				CLANG_WARN_OBJC_LITERAL_CONVERSION = YES;
				CLANG_WARN_OBJC_ROOT_CLASS = YES_ERROR;
				CLANG_WARN_QUOTED_INCLUDE_IN_FRAMEWORK_HEADER = YES;
				CLANG_WARN_RANGE_LOOP_ANALYSIS = YES;
				CLANG_WARN_STRICT_PROTOTYPES = YES;
				CLANG_WARN_SUSPICIOUS_MOVE = YES;
				CLANG_WARN_UNGUARDED_AVAILABILITY = YES_AGGRESSIVE;
				CLANG_WARN_UNREACHABLE_CODE = YES;
				CLANG_WARN__DUPLICATE_METHOD_MATCH = YES;
				COPY_PHASE_STRIP = NO;
				DEBUG_INFORMATION_FORMAT = dwarf;
				ENABLE_STRICT_OBJC_MSGSEND = YES;
				ENABLE_TESTABILITY = YES;
				ENABLE_USER_SCRIPT_SANDBOXING = YES;
				GCC_C_LANGUAGE_STANDARD = gnu17;
				GCC_DYNAMIC_NO_PIC = NO;
				GCC_NO_COMMON_BLOCKS = YES;
				GCC_OPTIMIZATION_LEVEL = 0;
				GCC_PREPROCESSOR_DEFINITIONS = (
					"DEBUG=1",
					"$(inherited)",
				);
				GCC_WARN_64_TO_32_BIT_CONVERSION = YES;
				GCC_WARN_ABOUT_RETURN_TYPE = YES_ERROR;
				GCC_WARN_UNDECLARED_SELECTOR = YES;
				GCC_WARN_UNINITIALIZED_AUTOS = YES_AGGRESSIVE;
				GCC_WARN_UNUSED_FUNCTION = YES;
				GCC_WARN_UNUSED_VARIABLE = YES;
				IPHONEOS_DEPLOYMENT_TARGET = 18.5;
				LOCALIZATION_PREFERS_STRING_CATALOGS = YES;
				MTL_ENABLE_DEBUG_INFO = INCLUDE_SOURCE;
				MTL_FAST_MATH = YES;
				ONLY_ACTIVE_ARCH = YES;
				SDKROOT = iphoneos;
				SWIFT_ACTIVE_COMPILATION_CONDITIONS = "DEBUG $(inherited)";
				SWIFT_OPTIMIZATION_LEVEL = "-Onone";
			};
			name = Debug;
		};
		5811683E2E3CB4EA00014A02 /* Release */ = {
			isa = XCBuildConfiguration;
			buildSettings = {
				ALWAYS_SEARCH_USER_PATHS = NO;
				ASSETCATALOG_COMPILER_GENERATE_SWIFT_ASSET_SYMBOL_EXTENSIONS = YES;
				CLANG_ANALYZER_NONNULL = YES;
				CLANG_ANALYZER_NUMBER_OBJECT_CONVERSION = YES_AGGRESSIVE;
				CLANG_CXX_LANGUAGE_STANDARD = "gnu++20";
				CLANG_ENABLE_MODULES = YES;
				CLANG_ENABLE_OBJC_ARC = YES;
				CLANG_ENABLE_OBJC_WEAK = YES;
				CLANG_WARN_BLOCK_CAPTURE_AUTORELEASING = YES;
				CLANG_WARN_BOOL_CONVERSION = YES;
				CLANG_WARN_COMMA = YES;
				CLANG_WARN_CONSTANT_CONVERSION = YES;
				CLANG_WARN_DEPRECATED_OBJC_IMPLEMENTATIONS = YES;
				CLANG_WARN_DIRECT_OBJC_ISA_USAGE = YES_ERROR;
				CLANG_WARN_DOCUMENTATION_COMMENTS = YES;
				CLANG_WARN_EMPTY_BODY = YES;
				CLANG_WARN_ENUM_CONVERSION = YES;
				CLANG_WARN_INFINITE_RECURSION = YES;
				CLANG_WARN_INT_CONVERSION = YES;
				CLANG_WARN_NON_LITERAL_NULL_CONVERSION = YES;
				CLANG_WARN_OBJC_IMPLICIT_RETAIN_SELF = YES;
				CLANG_WARN_OBJC_LITERAL_CONVERSION = YES;
				CLANG_WARN_OBJC_ROOT_CLASS = YES_ERROR;
				CLANG_WARN_QUOTED_INCLUDE_IN_FRAMEWORK_HEADER = YES;
				CLANG_WARN_RANGE_LOOP_ANALYSIS = YES;
				CLANG_WARN_STRICT_PROTOTYPES = YES;
				CLANG_WARN_SUSPICIOUS_MOVE = YES;
				CLANG_WARN_UNGUARDED_AVAILABILITY = YES_AGGRESSIVE;
				CLANG_WARN_UNREACHABLE_CODE = YES;
				CLANG_WARN__DUPLICATE_METHOD_MATCH = YES;
				COPY_PHASE_STRIP = NO;
				DEBUG_INFORMATION_FORMAT = "dwarf-with-dsym";
				ENABLE_NS_ASSERTIONS = NO;
				ENABLE_STRICT_OBJC_MSGSEND = YES;
				ENABLE_USER_SCRIPT_SANDBOXING = YES;
				GCC_C_LANGUAGE_STANDARD = gnu17;
				GCC_NO_COMMON_BLOCKS = YES;
				GCC_WARN_64_TO_32_BIT_CONVERSION = YES;
				GCC_WARN_ABOUT_RETURN_TYPE = YES_ERROR;
				GCC_WARN_UNDECLARED_SELECTOR = YES;
				GCC_WARN_UNINITIALIZED_AUTOS = YES_AGGRESSIVE;
				GCC_WARN_UNUSED_FUNCTION = YES;
				GCC_WARN_UNUSED_VARIABLE = YES;
				IPHONEOS_DEPLOYMENT_TARGET = 18.5;
				LOCALIZATION_PREFERS_STRING_CATALOGS = YES;
				MTL_ENABLE_DEBUG_INFO = NO;
				MTL_FAST_MATH = YES;
				SDKROOT = iphoneos;
				SWIFT_COMPILATION_MODE = wholemodule;
				VALIDATE_PRODUCT = YES;
			};
			name = Release;
		};
		581168402E3CB4EA00014A02 /* Debug */ = {
			isa = XCBuildConfiguration;
			buildSettings = {
				ASSETCATALOG_COMPILER_APPICON_NAME = AppIcon;
				ASSETCATALOG_COMPILER_GLOBAL_ACCENT_COLOR_NAME = AccentColor;
				CODE_SIGN_STYLE = Automatic;
				CURRENT_PROJECT_VERSION = 1;
				ENABLE_PREVIEWS = YES;
				GENERATE_INFOPLIST_FILE = YES;
				INFOPLIST_KEY_UIApplicationSceneManifest_Generation = YES;
				INFOPLIST_KEY_UIApplicationSupportsIndirectInputEvents = YES;
				INFOPLIST_KEY_UILaunchScreen_Generation = YES;
				INFOPLIST_KEY_UISupportedInterfaceOrientations_iPad = "UIInterfaceOrientationPortrait UIInterfaceOrientationPortraitUpsideDown UIInterfaceOrientationLandscapeLeft UIInterfaceOrientationLandscapeRight";
				INFOPLIST_KEY_UISupportedInterfaceOrientations_iPhone = "UIInterfaceOrientationPortrait UIInterfaceOrientationLandscapeLeft UIInterfaceOrientationLandscapeRight";
				LD_RUNPATH_SEARCH_PATHS = (
					"$(inherited)",
					"@executable_path/Frameworks",
				);
				MARKETING_VERSION = 1.0;
				PRODUCT_BUNDLE_IDENTIFIER = "nihal.first-colendi";
				PRODUCT_NAME = "$(TARGET_NAME)";
				SWIFT_EMIT_LOC_STRINGS = YES;
				SWIFT_VERSION = 5.0;
				TARGETED_DEVICE_FAMILY = "1,2";
			};
			name = Debug;
		};
		581168412E3CB4EA00014A02 /* Release */ = {
			isa = XCBuildConfiguration;
			buildSettings = {
				ASSETCATALOG_COMPILER_APPICON_NAME = AppIcon;
				ASSETCATALOG_COMPILER_GLOBAL_ACCENT_COLOR_NAME = AccentColor;
				CODE_SIGN_STYLE = Automatic;
				CURRENT_PROJECT_VERSION = 1;
				ENABLE_PREVIEWS = YES;
				GENERATE_INFOPLIST_FILE = YES;
				INFOPLIST_KEY_UIApplicationSceneManifest_Generation = YES;
				INFOPLIST_KEY_UIApplicationSupportsIndirectInputEvents = YES;
				INFOPLIST_KEY_UILaunchScreen_Generation = YES;
				INFOPLIST_KEY_UISupportedInterfaceOrientations_iPad = "UIInterfaceOrientationPortrait UIInterfaceOrientationPortraitUpsideDown UIInterfaceOrientationLandscapeLeft UIInterfaceOrientationLandscapeRight";
				INFOPLIST_KEY_UISupportedInterfaceOrientations_iPhone = "UIInterfaceOrientationPortrait UIInterfaceOrientationLandscapeLeft UIInterfaceOrientationLandscapeRight";
				LD_RUNPATH_SEARCH_PATHS = (
					"$(inherited)",
					"@executable_path/Frameworks",
				);
				MARKETING_VERSION = 1.0;
				PRODUCT_BUNDLE_IDENTIFIER = "nihal.first-colendi";
				PRODUCT_NAME = "$(TARGET_NAME)";
				SWIFT_EMIT_LOC_STRINGS = YES;
				SWIFT_VERSION = 5.0;
				TARGETED_DEVICE_FAMILY = "1,2";
			};
			name = Release;
		};
		581168432E3CB4EA00014A02 /* Debug */ = {
			isa = XCBuildConfiguration;
			buildSettings = {
				BUNDLE_LOADER = "$(TEST_HOST)";
				CODE_SIGN_STYLE = Automatic;
				CURRENT_PROJECT_VERSION = 1;
				GENERATE_INFOPLIST_FILE = YES;
				IPHONEOS_DEPLOYMENT_TARGET = 18.5;
				MARKETING_VERSION = 1.0;
				PRODUCT_BUNDLE_IDENTIFIER = "nihal.first-colendiTests";
				PRODUCT_NAME = "$(TARGET_NAME)";
				SWIFT_EMIT_LOC_STRINGS = NO;
				SWIFT_VERSION = 5.0;
				TARGETED_DEVICE_FAMILY = "1,2";
				TEST_HOST = "$(BUILT_PRODUCTS_DIR)/first-colendi.app/$(BUNDLE_EXECUTABLE_FOLDER_PATH)/first-colendi";
			};
			name = Debug;
		};
		581168442E3CB4EA00014A02 /* Release */ = {
			isa = XCBuildConfiguration;
			buildSettings = {
				BUNDLE_LOADER = "$(TEST_HOST)";
				CODE_SIGN_STYLE = Automatic;
				CURRENT_PROJECT_VERSION = 1;
				GENERATE_INFOPLIST_FILE = YES;
				IPHONEOS_DEPLOYMENT_TARGET = 18.5;
				MARKETING_VERSION = 1.0;
				PRODUCT_BUNDLE_IDENTIFIER = "nihal.first-colendiTests";
				PRODUCT_NAME = "$(TARGET_NAME)";
				SWIFT_EMIT_LOC_STRINGS = NO;
				SWIFT_VERSION = 5.0;
				TARGETED_DEVICE_FAMILY = "1,2";
				TEST_HOST = "$(BUILT_PRODUCTS_DIR)/first-colendi.app/$(BUNDLE_EXECUTABLE_FOLDER_PATH)/first-colendi";
			};
			name = Release;
		};
		581168462E3CB4EA00014A02 /* Debug */ = {
			isa = XCBuildConfiguration;
			buildSettings = {
				CODE_SIGN_STYLE = Automatic;
				CURRENT_PROJECT_VERSION = 1;
				GENERATE_INFOPLIST_FILE = YES;
				MARKETING_VERSION = 1.0;
				PRODUCT_BUNDLE_IDENTIFIER = "nihal.first-colendiUITests";
				PRODUCT_NAME = "$(TARGET_NAME)";
				SWIFT_EMIT_LOC_STRINGS = NO;
				SWIFT_VERSION = 5.0;
				TARGETED_DEVICE_FAMILY = "1,2";
				TEST_TARGET_NAME = "first-colendi";
			};
			name = Debug;
		};
		581168472E3CB4EA00014A02 /* Release */ = {
			isa = XCBuildConfiguration;
			buildSettings = {
				CODE_SIGN_STYLE = Automatic;
				CURRENT_PROJECT_VERSION = 1;
				GENERATE_INFOPLIST_FILE = YES;
				MARKETING_VERSION = 1.0;
				PRODUCT_BUNDLE_IDENTIFIER = "nihal.first-colendiUITests";
				PRODUCT_NAME = "$(TARGET_NAME)";
				SWIFT_EMIT_LOC_STRINGS = NO;
				SWIFT_VERSION = 5.0;
				TARGETED_DEVICE_FAMILY = "1,2";
				TEST_TARGET_NAME = "first-colendi";
			};
			name = Release;
		};
/* End XCBuildConfiguration section */

/* Begin XCConfigurationList section */
		581168192E3CB4E800014A02 /* Build configuration list for PBXProject "first-colendi" */ = {
			isa = XCConfigurationList;
			buildConfigurations = (
				5811683D2E3CB4EA00014A02 /* Debug */,
				5811683E2E3CB4EA00014A02 /* Release */,
			);
			defaultConfigurationIsVisible = 0;
			defaultConfigurationName = Release;
		};
		5811683F2E3CB4EA00014A02 /* Build configuration list for PBXNativeTarget "first-colendi" */ = {
			isa = XCConfigurationList;
			buildConfigurations = (
				581168402E3CB4EA00014A02 /* Debug */,
				581168412E3CB4EA00014A02 /* Release */,
			);
			defaultConfigurationIsVisible = 0;
			defaultConfigurationName = Release;
		};
		581168422E3CB4EA00014A02 /* Build configuration list for PBXNativeTarget "first-colendiTests" */ = {
			isa = XCConfigurationList;
			buildConfigurations = (
				581168432E3CB4EA00014A02 /* Debug */,
				581168442E3CB4EA00014A02 /* Release */,
			);
			defaultConfigurationIsVisible = 0;
			defaultConfigurationName = Release;
		};
		581168452E3CB4EA00014A02 /* Build configuration list for PBXNativeTarget "first-colendiUITests" */ = {
			isa = XCConfigurationList;
			buildConfigurations = (
				581168462E3CB4EA00014A02 /* Debug */,
				581168472E3CB4EA00014A02 /* Release */,
			);
			defaultConfigurationIsVisible = 0;
			defaultConfigurationName = Release;
		};
/* End XCConfigurationList section */
	};
	rootObject = 581168162E3CB4E800014A02 /* Project object */;
}
